
Microsoft Visual Studio Solution File, Format Version 12.00
# Visual Studio Version 17
VisualStudioVersion = 17.2.32616.157
MinimumVisualStudioVersion = 10.0.40219.1
Project("{9A19103F-16F7-4668-BE54-9A1E7A4F7556}") = "Tab Component", "Tab Component\Tab Component.csproj", "{158A5FAE-CEBA-4EAE-9092-3E35B4F2CDEC}"
EndProject
Global
	GlobalSection(SolutionConfigurationPlatforms) = preSolution
		Debug|Any CPU = Debug|Any CPU
		Release|Any CPU = Release|Any CPU
	EndGlobalSection
	GlobalSection(ProjectConfigurationPlatforms) = postSolution
		{158A5FAE-CEBA-4EAE-9092-3E35B4F2CDEC}.Debug|Any CPU.ActiveCfg = Debug|Any CPU
		{158A5FAE-CEBA-4EAE-9092-3E35B4F2CDEC}.Debug|Any CPU.Build.0 = Debug|Any CPU
		{158A5FAE-CEBA-4EAE-9092-3E35B4F2CDEC}.Release|Any CPU.ActiveCfg = Release|Any CPU
		{158A5FAE-CEBA-4EAE-9092-3E35B4F2CDEC}.Release|Any CPU.Build.0 = Release|Any CPU
	EndGlobalSection
	GlobalSection(SolutionProperties) = preSolution
		HideSolutionNode = FALSE
	EndGlobalSection
	GlobalSection(ExtensibilityGlobals) = postSolution
		SolutionGuid = {0B5B1E7D-A87E-42D6-A2D1-81DCE339010D}
	EndGlobalSection
EndGlobal
